
Microsoft Visual Studio Solution File, Format Version 12.00
# Visual Studio 14
VisualStudioVersion = 14.0.25420.1
MinimumVisualStudioVersion = 10.0.40219.1
Project("{FAE04EC0-301F-11D3-BF4B-00C04F79EFBC}") = "Demonstration", "MediaLibrary\Demonstration.csproj", "{387B3147-88D0-4191-95AE-D0A66AD9FC0C}"
EndProject
Project("{FAE04EC0-301F-11D3-BF4B-00C04F79EFBC}") = "MediaLibrary", "ClassLibrary\MediaLibrary.csproj", "{67FE76AD-D168-4035-BD99-3E8DC47F39C5}"
EndProject
Project("{FAE04EC0-301F-11D3-BF4B-00C04F79EFBC}") = "Player", "Player\Player.csproj", "{6AA6CC1F-4188-49E3-93F9-FF759176D934}"
EndProject
Global
	GlobalSection(SolutionConfigurationPlatforms) = preSolution
		Debug|Any CPU = Debug|Any CPU
		Release|Any CPU = Release|Any CPU
	EndGlobalSection
	GlobalSection(ProjectConfigurationPlatforms) = postSolution
		{387B3147-88D0-4191-95AE-D0A66AD9FC0C}.Debug|Any CPU.ActiveCfg = Debug|Any CPU
		{387B3147-88D0-4191-95AE-D0A66AD9FC0C}.Debug|Any CPU.Build.0 = Debug|Any CPU
		{387B3147-88D0-4191-95AE-D0A66AD9FC0C}.Release|Any CPU.ActiveCfg = Release|Any CPU
		{387B3147-88D0-4191-95AE-D0A66AD9FC0C}.Release|Any CPU.Build.0 = Release|Any CPU
		{67FE76AD-D168-4035-BD99-3E8DC47F39C5}.Debug|Any CPU.ActiveCfg = Debug|Any CPU
		{67FE76AD-D168-4035-BD99-3E8DC47F39C5}.Debug|Any CPU.Build.0 = Debug|Any CPU
		{67FE76AD-D168-4035-BD99-3E8DC47F39C5}.Release|Any CPU.ActiveCfg = Release|Any CPU
		{67FE76AD-D168-4035-BD99-3E8DC47F39C5}.Release|Any CPU.Build.0 = Release|Any CPU
		{6AA6CC1F-4188-49E3-93F9-FF759176D934}.Debug|Any CPU.ActiveCfg = Debug|Any CPU
		{6AA6CC1F-4188-49E3-93F9-FF759176D934}.Debug|Any CPU.Build.0 = Debug|Any CPU
		{6AA6CC1F-4188-49E3-93F9-FF759176D934}.Release|Any CPU.ActiveCfg = Release|Any CPU
		{6AA6CC1F-4188-49E3-93F9-FF759176D934}.Release|Any CPU.Build.0 = Release|Any CPU
	EndGlobalSection
	GlobalSection(SolutionProperties) = preSolution
		HideSolutionNode = FALSE
	EndGlobalSection
EndGlobal
